github.com/romanSPB15/x/gorid v0.0.0-20260721120021-46ff52ee0aeb h1:QtWGyTqrpeULiLjKHIk71cYPZz27L6zi33FcDhGjMMo=
github.com/romanSPB15/x/gorid v0.0.0-20260721120021-46ff52ee0aeb/go.mod h1:OU2IpHHYTeikWlkAceVoekMymM1hviBJAIrmhkCu63k=
golang.org/x/sys v0.46.0 h1:noSf2Fq6F8DBgS+LysIkx7rIExoNHJsxOAtPp4rthXw=
golang.org/x/sys v0.46.0/go.mod h1:4GL1E5IUh+htKOUEOaiffhrAeqysfVGipDYzABqnCmw=
golang.org/x/term v0.44.0 h1:0rLvDRCtNj0gZkyIXhCyOb2OAzEhLVqc4B+hrsBhrmc=
golang.org/x/term v0.44.0/go.mod h1:7ze4MdzUzLXpSAoFP1H0bOI9aXDqveSvatT5vKcFh2Y=
